// !$*UTF8*$!
{
	archiveVersion = 1;
	classes = {
	};
	objectVersion = 55;
	objects = {

/* Begin PBXBuildFile section */
		A017B727282B522500E5D416 /* Wisdom_Motivation_AppApp.swift in Sources */ = {isa = PBXBuildFile; fileRef = A017B726282B522500E5D416 /* Wisdom_Motivation_AppApp.swift */; };
		A017B729282B522500E5D416 /* ContentView.swift in Sources */ = {isa = PBXBuildFile; fileRef = A017B728282B522500E5D416 /* ContentView.swift */; };
		A017B72B282B522600E5D416 /* Assets.xcassets in Resources */ = {isa = PBXBuildFile; fileRef = A017B72A282B522600E5D416 /* Assets.xcassets */; };
		A017B72E282B522600E5D416 /* Preview Assets.xcassets in Resources */ = {isa = PBXBuildFile; fileRef = A017B72D282B522600E5D416 /* Preview Assets.xcassets */; };
		A017B730282B522600E5D416 /* Persistence.swift in Sources */ = {isa = PBXBuildFile; fileRef = A017B72F282B522600E5D416 /* Persistence.swift */; };
		A017B733282B522600E5D416 /* Wisdom_Motivation_App.xcdatamodeld in Sources */ = {isa = PBXBuildFile; fileRef = A017B731282B522600E5D416 /* Wisdom_Motivation_App.xcdatamodeld */; };
		A017B73A282B526000E5D416 /* WisdomMotivationView.swift in Sources */ = {isa = PBXBuildFile; fileRef = A017B739282B526000E5D416 /* WisdomMotivationView.swift */; };
		A017B73E282B52F600E5D416 /* QuotationDisplayView.swift in Sources */ = {isa = PBXBuildFile; fileRef = A017B73D282B52F600E5D416 /* QuotationDisplayView.swift */; };
		A017B740282B564600E5D416 /* MotivationData.swift in Sources */ = {isa = PBXBuildFile; fileRef = A017B73F282B564600E5D416 /* MotivationData.swift */; };
		A0254052282DF7C000C1CA2F /* TesterView.swift in Sources */ = {isa = PBXBuildFile; fileRef = A0254051282DF7C000C1CA2F /* TesterView.swift */; };
		A0330E76282C913A00A85633 /* BackgroundAnimationView.swift in Sources */ = {isa = PBXBuildFile; fileRef = A0330E75282C913A00A85633 /* BackgroundAnimationView.swift */; };
		A0330E78282CA46F00A85633 /* Motivation.csv in Resources */ = {isa = PBXBuildFile; fileRef = A0330E77282CA46F00A85633 /* Motivation.csv */; };
		A04C9B9A282CB35E002D9378 /* Utility.swift in Sources */ = {isa = PBXBuildFile; fileRef = A04C9B99282CB35E002D9378 /* Utility.swift */; };
/* End PBXBuildFile section */

/* Begin PBXFileReference section */
		A017B723282B522500E5D416 /* Wisdom Motivation App.app */ = {isa = PBXFileReference; explicitFileType = wrapper.application; includeInIndex = 0; path = "Wisdom Motivation App.app"; sourceTree = BUILT_PRODUCTS_DIR; };
		A017B726282B522500E5D416 /* Wisdom_Motivation_AppApp.swift */ = {isa = PBXFileReference; lastKnownFileType = sourcecode.swift; path = Wisdom_Motivation_AppApp.swift; sourceTree = "<group>"; };
		A017B728282B522500E5D416 /* ContentView.swift */ = {isa = PBXFileReference; lastKnownFileType = sourcecode.swift; path = ContentView.swift; sourceTree = "<group>"; };
		A017B72A282B522600E5D416 /* Assets.xcassets */ = {isa = PBXFileReference; lastKnownFileType = folder.assetcatalog; path = Assets.xcassets; sourceTree = "<group>"; };
		A017B72D282B522600E5D416 /* Preview Assets.xcassets */ = {isa = PBXFileReference; lastKnownFileType = folder.assetcatalog; path = "Preview Assets.xcassets"; sourceTree = "<group>"; };
		A017B72F282B522600E5D416 /* Persistence.swift */ = {isa = PBXFileReference; lastKnownFileType = sourcecode.swift; path = Persistence.swift; sourceTree = "<group>"; };
		A017B732282B522600E5D416 /* Wisdom_Motivation_App.xcdatamodel */ = {isa = PBXFileReference; lastKnownFileType = wrapper.xcdatamodel; path = Wisdom_Motivation_App.xcdatamodel; sourceTree = "<group>"; };
		A017B739282B526000E5D416 /* WisdomMotivationView.swift */ = {isa = PBXFileReference; lastKnownFileType = sourcecode.swift; path = WisdomMotivationView.swift; sourceTree = "<group>"; };
		A017B73D282B52F600E5D416 /* QuotationDisplayView.swift */ = {isa = PBXFileReference; fileEncoding = 4; lastKnownFileType = sourcecode.swift; path = QuotationDisplayView.swift; sourceTree = "<group>"; };
		A017B73F282B564600E5D416 /* MotivationData.swift */ = {isa = PBXFileReference; fileEncoding = 4; lastKnownFileType = sourcecode.swift; path = MotivationData.swift; sourceTree = "<group>"; };
		A0254051282DF7C000C1CA2F /* TesterView.swift */ = {isa = PBXFileReference; lastKnownFileType = sourcecode.swift; path = TesterView.swift; sourceTree = "<group>"; };
		A0330E75282C913A00A85633 /* BackgroundAnimationView.swift */ = {isa = PBXFileReference; fileEncoding = 4; lastKnownFileType = sourcecode.swift; path = BackgroundAnimationView.swift; sourceTree = "<group>"; };
		A0330E77282CA46F00A85633 /* Motivation.csv */ = {isa = PBXFileReference; fileEncoding = 4; lastKnownFileType = text; path = Motivation.csv; sourceTree = "<group>"; };
		A04C9B99282CB35E002D9378 /* Utility.swift */ = {isa = PBXFileReference; lastKnownFileType = sourcecode.swift; path = Utility.swift; sourceTree = "<group>"; };
		A0F27A632830DB9F000B0A6D /* Wisdom-Motivation-App-Info.plist */ = {isa = PBXFileReference; lastKnownFileType = text.plist; path = "Wisdom-Motivation-App-Info.plist"; sourceTree = SOURCE_ROOT; };
/* End PBXFileReference section */

/* Begin PBXFrameworksBuildPhase section */
		A017B720282B522500E5D416 /* Frameworks */ = {
			isa = PBXFrameworksBuildPhase;
			buildActionMask = 2147483647;
			files = (
			);
			runOnlyForDeploymentPostprocessing = 0;
		};
/* End PBXFrameworksBuildPhase section */

/* Begin PBXGroup section */
		A017B71A282B522400E5D416 = {
			isa = PBXGroup;
			children = (
				A0254051282DF7C000C1CA2F /* TesterView.swift */,
				A017B725282B522500E5D416 /* Wisdom Motivation App */,
				A017B724282B522500E5D416 /* Products */,
			);
			sourceTree = "<group>";
		};
		A017B724282B522500E5D416 /* Products */ = {
			isa = PBXGroup;
			children = (
				A017B723282B522500E5D416 /* Wisdom Motivation App.app */,
			);
			name = Products;
			sourceTree = "<group>";
		};
		A017B725282B522500E5D416 /* Wisdom Motivation App */ = {
			isa = PBXGroup;
			children = (
				A0F27A632830DB9F000B0A6D /* Wisdom-Motivation-App-Info.plist */,
				A0F27A62283087A6000B0A6D /* Extension */,
				A04C9B98282CB338002D9378 /* App */,
				A04C9B97282CB32B002D9378 /* Utility */,
				A017B73C282B52D800E5D416 /* View */,
				A017B73B282B527100E5D416 /* Model */,
				A017B728282B522500E5D416 /* ContentView.swift */,
				A017B72A282B522600E5D416 /* Assets.xcassets */,
				A0330E77282CA46F00A85633 /* Motivation.csv */,
				A017B72F282B522600E5D416 /* Persistence.swift */,
				A017B731282B522600E5D416 /* Wisdom_Motivation_App.xcdatamodeld */,
				A017B72C282B522600E5D416 /* Preview Content */,
			);
			path = "Wisdom Motivation App";
			sourceTree = "<group>";
		};
		A017B72C282B522600E5D416 /* Preview Content */ = {
			isa = PBXGroup;
			children = (
				A017B72D282B522600E5D416 /* Preview Assets.xcassets */,
			);
			path = "Preview Content";
			sourceTree = "<group>";
		};
		A017B73B282B527100E5D416 /* Model */ = {
			isa = PBXGroup;
			children = (
				A017B73F282B564600E5D416 /* MotivationData.swift */,
			);
			path = Model;
			sourceTree = "<group>";
		};
		A017B73C282B52D800E5D416 /* View */ = {
			isa = PBXGroup;
			children = (
				A017B739282B526000E5D416 /* WisdomMotivationView.swift */,
				A017B73D282B52F600E5D416 /* QuotationDisplayView.swift */,
				A0330E75282C913A00A85633 /* BackgroundAnimationView.swift */,
			);
			path = View;
			sourceTree = "<group>";
		};
		A04C9B97282CB32B002D9378 /* Utility */ = {
			isa = PBXGroup;
			children = (
				A04C9B99282CB35E002D9378 /* Utility.swift */,
			);
			path = Utility;
			sourceTree = "<group>";
		};
		A04C9B98282CB338002D9378 /* App */ = {
			isa = PBXGroup;
			children = (
				A017B726282B522500E5D416 /* Wisdom_Motivation_AppApp.swift */,
			);
			path = App;
			sourceTree = "<group>";
		};
		A0F27A62283087A6000B0A6D /* Extension */ = {
			isa = PBXGroup;
			children = (
			);
			path = Extension;
			sourceTree = "<group>";
		};
/* End PBXGroup section */

/* Begin PBXNativeTarget section */
		A017B722282B522500E5D416 /* Wisdom Motivation App */ = {
			isa = PBXNativeTarget;
			buildConfigurationList = A017B736282B522600E5D416 /* Build configuration list for PBXNativeTarget "Wisdom Motivation App" */;
			buildPhases = (
				A017B71F282B522500E5D416 /* Sources */,
				A017B720282B522500E5D416 /* Frameworks */,
				A017B721282B522500E5D416 /* Resources */,
			);
			buildRules = (
			);
			dependencies = (
			);
			name = "Wisdom Motivation App";
			productName = "Wisdom Motivation App";
			productReference = A017B723282B522500E5D416 /* Wisdom Motivation App.app */;
			productType = "com.apple.product-type.application";
		};
/* End PBXNativeTarget section */

/* Begin PBXProject section */
		A017B71B282B522400E5D416 /* Project object */ = {
			isa = PBXProject;
			attributes = {
				BuildIndependentTargetsInParallel = 1;
				LastSwiftUpdateCheck = 1330;
				LastUpgradeCheck = 1330;
				TargetAttributes = {
					A017B722282B522500E5D416 = {
						CreatedOnToolsVersion = 13.3;
					};
				};
			};
			buildConfigurationList = A017B71E282B522400E5D416 /* Build configuration list for PBXProject "Wisdom Motivation App" */;
			compatibilityVersion = "Xcode 13.0";
			developmentRegion = en;
			hasScannedForEncodings = 0;
			knownRegions = (
				en,
				Base,
			);
			mainGroup = A017B71A282B522400E5D416;
			productRefGroup = A017B724282B522500E5D416 /* Products */;
			projectDirPath = "";
			projectRoot = "";
			targets = (
				A017B722282B522500E5D416 /* Wisdom Motivation App */,
			);
		};
/* End PBXProject section */

/* Begin PBXResourcesBuildPhase section */
		A017B721282B522500E5D416 /* Resources */ = {
			isa = PBXResourcesBuildPhase;
			buildActionMask = 2147483647;
			files = (
				A017B72E282B522600E5D416 /* Preview Assets.xcassets in Resources */,
				A0330E78282CA46F00A85633 /* Motivation.csv in Resources */,
				A017B72B282B522600E5D416 /* Assets.xcassets in Resources */,
			);
			runOnlyForDeploymentPostprocessing = 0;
		};
/* End PBXResourcesBuildPhase section */

/* Begin PBXSourcesBuildPhase section */
		A017B71F282B522500E5D416 /* Sources */ = {
			isa = PBXSourcesBuildPhase;
			buildActionMask = 2147483647;
			files = (
				A017B730282B522600E5D416 /* Persistence.swift in Sources */,
				A017B729282B522500E5D416 /* ContentView.swift in Sources */,
				A04C9B9A282CB35E002D9378 /* Utility.swift in Sources */,
				A017B733282B522600E5D416 /* Wisdom_Motivation_App.xcdatamodeld in Sources */,
				A0330E76282C913A00A85633 /* BackgroundAnimationView.swift in Sources */,
				A017B73A282B526000E5D416 /* WisdomMotivationView.swift in Sources */,
				A017B73E282B52F600E5D416 /* QuotationDisplayView.swift in Sources */,
				A0254052282DF7C000C1CA2F /* TesterView.swift in Sources */,
				A017B727282B522500E5D416 /* Wisdom_Motivation_AppApp.swift in Sources */,
				A017B740282B564600E5D416 /* MotivationData.swift in Sources */,
			);
			runOnlyForDeploymentPostprocessing = 0;
		};
/* End PBXSourcesBuildPhase section */

/* Begin XCBuildConfiguration section */
		A017B734282B522600E5D416 /* Debug */ = {
			isa = XCBuildConfiguration;
			buildSettings = {
				ALWAYS_SEARCH_USER_PATHS = NO;
				CLANG_ANALYZER_NONNULL = YES;
				CLANG_ANALYZER_NUMBER_OBJECT_CONVERSION = YES_AGGRESSIVE;
				CLANG_CXX_LANGUAGE_STANDARD = "gnu++17";
				CLANG_ENABLE_MODULES = YES;
				CLANG_ENABLE_OBJC_ARC = YES;
				CLANG_ENABLE_OBJC_WEAK = YES;
				CLANG_WARN_BLOCK_CAPTURE_AUTORELEASING = YES;
				CLANG_WARN_BOOL_CONVERSION = YES;
				CLANG_WARN_COMMA = YES;
				CLANG_WARN_CONSTANT_CONVERSION = YES;
				CLANG_WARN_DEPRECATED_OBJC_IMPLEMENTATIONS = YES;
				CLANG_WARN_DIRECT_OBJC_ISA_USAGE = YES_ERROR;
				CLANG_WARN_DOCUMENTATION_COMMENTS = YES;
				CLANG_WARN_EMPTY_BODY = YES;
				CLANG_WARN_ENUM_CONVERSION = YES;
				CLANG_WARN_INFINITE_RECURSION = YES;
				CLANG_WARN_INT_CONVERSION = YES;
				CLANG_WARN_NON_LITERAL_NULL_CONVERSION = YES;
				CLANG_WARN_OBJC_IMPLICIT_RETAIN_SELF = YES;
				CLANG_WARN_OBJC_LITERAL_CONVERSION = YES;
				CLANG_WARN_OBJC_ROOT_CLASS = YES_ERROR;
				CLANG_WARN_QUOTED_INCLUDE_IN_FRAMEWORK_HEADER = YES;
				CLANG_WARN_RANGE_LOOP_ANALYSIS = YES;
				CLANG_WARN_STRICT_PROTOTYPES = YES;
				CLANG_WARN_SUSPICIOUS_MOVE = YES;
				CLANG_WARN_UNGUARDED_AVAILABILITY = YES_AGGRESSIVE;
				CLANG_WARN_UNREACHABLE_CODE = YES;
				CLANG_WARN__DUPLICATE_METHOD_MATCH = YES;
				COPY_PHASE_STRIP = NO;
				DEBUG_INFORMATION_FORMAT = dwarf;
				ENABLE_STRICT_OBJC_MSGSEND = YES;
				ENABLE_TESTABILITY = YES;
				GCC_C_LANGUAGE_STANDARD = gnu11;
				GCC_DYNAMIC_NO_PIC = NO;
				GCC_NO_COMMON_BLOCKS = YES;
				GCC_OPTIMIZATION_LEVEL = 0;
				GCC_PREPROCESSOR_DEFINITIONS = (
					"DEBUG=1",
					"$(inherited)",
				);
				GCC_WARN_64_TO_32_BIT_CONVERSION = YES;
				GCC_WARN_ABOUT_RETURN_TYPE = YES_ERROR;
				GCC_WARN_UNDECLARED_SELECTOR = YES;
				GCC_WARN_UNINITIALIZED_AUTOS = YES_AGGRESSIVE;
				GCC_WARN_UNUSED_FUNCTION = YES;
				GCC_WARN_UNUSED_VARIABLE = YES;
				INFOPLIST_KEY_UILaunchScreen_Generation = YES;
				IPHONEOS_DEPLOYMENT_TARGET = 15.4;
				MTL_ENABLE_DEBUG_INFO = INCLUDE_SOURCE;
				MTL_FAST_MATH = YES;
				ONLY_ACTIVE_ARCH = YES;
				SDKROOT = iphoneos;
				SWIFT_ACTIVE_COMPILATION_CONDITIONS = DEBUG;
				SWIFT_OPTIMIZATION_LEVEL = "-Onone";
			};
			name = Debug;
		};
		A017B735282B522600E5D416 /* Release */ = {
			isa = XCBuildConfiguration;
			buildSettings = {
				ALWAYS_SEARCH_USER_PATHS = NO;
				CLANG_ANALYZER_NONNULL = YES;
				CLANG_ANALYZER_NUMBER_OBJECT_CONVERSION = YES_AGGRESSIVE;
				CLANG_CXX_LANGUAGE_STANDARD = "gnu++17";
				CLANG_ENABLE_MODULES = YES;
				CLANG_ENABLE_OBJC_ARC = YES;
				CLANG_ENABLE_OBJC_WEAK = YES;
				CLANG_WARN_BLOCK_CAPTURE_AUTORELEASING = YES;
				CLANG_WARN_BOOL_CONVERSION = YES;
				CLANG_WARN_COMMA = YES;
				CLANG_WARN_CONSTANT_CONVERSION = YES;
				CLANG_WARN_DEPRECATED_OBJC_IMPLEMENTATIONS = YES;
				CLANG_WARN_DIRECT_OBJC_ISA_USAGE = YES_ERROR;
				CLANG_WARN_DOCUMENTATION_COMMENTS = YES;
				CLANG_WARN_EMPTY_BODY = YES;
				CLANG_WARN_ENUM_CONVERSION = YES;
				CLANG_WARN_INFINITE_RECURSION = YES;
				CLANG_WARN_INT_CONVERSION = YES;
				CLANG_WARN_NON_LITERAL_NULL_CONVERSION = YES;
				CLANG_WARN_OBJC_IMPLICIT_RETAIN_SELF = YES;
				CLANG_WARN_OBJC_LITERAL_CONVERSION = YES;
				CLANG_WARN_OBJC_ROOT_CLASS = YES_ERROR;
				CLANG_WARN_QUOTED_INCLUDE_IN_FRAMEWORK_HEADER = YES;
				CLANG_WARN_RANGE_LOOP_ANALYSIS = YES;
				CLANG_WARN_STRICT_PROTOTYPES = YES;
				CLANG_WARN_SUSPICIOUS_MOVE = YES;
				CLANG_WARN_UNGUARDED_AVAILABILITY = YES_AGGRESSIVE;
				CLANG_WARN_UNREACHABLE_CODE = YES;
				CLANG_WARN__DUPLICATE_METHOD_MATCH = YES;
				COPY_PHASE_STRIP = NO;
				DEBUG_INFORMATION_FORMAT = "dwarf-with-dsym";
				ENABLE_NS_ASSERTIONS = NO;
				ENABLE_STRICT_OBJC_MSGSEND = YES;
				GCC_C_LANGUAGE_STANDARD = gnu11;
				GCC_NO_COMMON_BLOCKS = YES;
				GCC_WARN_64_TO_32_BIT_CONVERSION = YES;
				GCC_WARN_ABOUT_RETURN_TYPE = YES_ERROR;
				GCC_WARN_UNDECLARED_SELECTOR = YES;
				GCC_WARN_UNINITIALIZED_AUTOS = YES_AGGRESSIVE;
				GCC_WARN_UNUSED_FUNCTION = YES;
				GCC_WARN_UNUSED_VARIABLE = YES;
				INFOPLIST_KEY_UILaunchScreen_Generation = YES;
				IPHONEOS_DEPLOYMENT_TARGET = 15.4;
				MTL_ENABLE_DEBUG_INFO = NO;
				MTL_FAST_MATH = YES;
				SDKROOT = iphoneos;
				SWIFT_COMPILATION_MODE = wholemodule;
				SWIFT_OPTIMIZATION_LEVEL = "-O";
				VALIDATE_PRODUCT = YES;
			};
			name = Release;
		};
		A017B737282B522600E5D416 /* Debug */ = {
			isa = XCBuildConfiguration;
			buildSettings = {
				ASSETCATALOG_COMPILER_APPICON_NAME = AppIcon;
				ASSETCATALOG_COMPILER_GLOBAL_ACCENT_COLOR_NAME = MotivationColors;
				CODE_SIGN_STYLE = Automatic;
				CURRENT_PROJECT_VERSION = 1;
				DEVELOPMENT_ASSET_PATHS = "\"Wisdom Motivation App/Preview Content\"";
				DEVELOPMENT_TEAM = 2Y75AAKRC3;
				ENABLE_PREVIEWS = YES;
				GENERATE_INFOPLIST_FILE = YES;
				INFOPLIST_FILE = "Wisdom-Motivation-App-Info.plist";
				INFOPLIST_KEY_UIApplicationSceneManifest_Generation = YES;
				INFOPLIST_KEY_UIApplicationSupportsIndirectInputEvents = YES;
				INFOPLIST_KEY_UISupportedInterfaceOrientations_iPad = "UIInterfaceOrientationPortrait UIInterfaceOrientationPortraitUpsideDown UIInterfaceOrientationLandscapeLeft UIInterfaceOrientationLandscapeRight";
				INFOPLIST_KEY_UISupportedInterfaceOrientations_iPhone = "UIInterfaceOrientationPortrait UIInterfaceOrientationLandscapeLeft UIInterfaceOrientationLandscapeRight";
				LD_RUNPATH_SEARCH_PATHS = (
					"$(inherited)",
					"@executable_path/Frameworks",
				);
				MARKETING_VERSION = 1.0;
				PRODUCT_BUNDLE_IDENTIFIER = "au.com.nice.Wisdom-Motivation-App";
				PRODUCT_NAME = "$(TARGET_NAME)";
				SWIFT_EMIT_LOC_STRINGS = YES;
				SWIFT_VERSION = 5.0;
				TARGETED_DEVICE_FAMILY = 1;
			};
			name = Debug;
		};
		A017B738282B522600E5D416 /* Release */ = {
			isa = XCBuildConfiguration;
			buildSettings = {
				ASSETCATALOG_COMPILER_APPICON_NAME = AppIcon;
				ASSETCATALOG_COMPILER_GLOBAL_ACCENT_COLOR_NAME = MotivationColors;
				CODE_SIGN_STYLE = Automatic;
				CURRENT_PROJECT_VERSION = 1;
				DEVELOPMENT_ASSET_PATHS = "\"Wisdom Motivation App/Preview Content\"";
				DEVELOPMENT_TEAM = 2Y75AAKRC3;
				ENABLE_PREVIEWS = YES;
				GENERATE_INFOPLIST_FILE = YES;
				INFOPLIST_FILE = "Wisdom-Motivation-App-Info.plist";
				INFOPLIST_KEY_UIApplicationSceneManifest_Generation = YES;
				INFOPLIST_KEY_UIApplicationSupportsIndirectInputEvents = YES;
				INFOPLIST_KEY_UISupportedInterfaceOrientations_iPad = "UIInterfaceOrientationPortrait UIInterfaceOrientationPortraitUpsideDown UIInterfaceOrientationLandscapeLeft UIInterfaceOrientationLandscapeRight";
				INFOPLIST_KEY_UISupportedInterfaceOrientations_iPhone = "UIInterfaceOrientationPortrait UIInterfaceOrientationLandscapeLeft UIInterfaceOrientationLandscapeRight";
				LD_RUNPATH_SEARCH_PATHS = (
					"$(inherited)",
					"@executable_path/Frameworks",
				);
				MARKETING_VERSION = 1.0;
				PRODUCT_BUNDLE_IDENTIFIER = "au.com.nice.Wisdom-Motivation-App";
				PRODUCT_NAME = "$(TARGET_NAME)";
				SWIFT_EMIT_LOC_STRINGS = YES;
				SWIFT_VERSION = 5.0;
				TARGETED_DEVICE_FAMILY = 1;
			};
			name = Release;
		};
/* End XCBuildConfiguration section */

/* Begin XCConfigurationList section */
		A017B71E282B522400E5D416 /* Build configuration list for PBXProject "Wisdom Motivation App" */ = {
			isa = XCConfigurationList;
			buildConfigurations = (
				A017B734282B522600E5D416 /* Debug */,
				A017B735282B522600E5D416 /* Release */,
			);
			defaultConfigurationIsVisible = 0;
			defaultConfigurationName = Release;
		};
		A017B736282B522600E5D416 /* Build configuration list for PBXNativeTarget "Wisdom Motivation App" */ = {
			isa = XCConfigurationList;
			buildConfigurations = (
				A017B737282B522600E5D416 /* Debug */,
				A017B738282B522600E5D416 /* Release */,
			);
			defaultConfigurationIsVisible = 0;
			defaultConfigurationName = Release;
		};
/* End XCConfigurationList section */

/* Begin XCVersionGroup section */
		A017B731282B522600E5D416 /* Wisdom_Motivation_App.xcdatamodeld */ = {
			isa = XCVersionGroup;
			children = (
				A017B732282B522600E5D416 /* Wisdom_Motivation_App.xcdatamodel */,
			);
			currentVersion = A017B732282B522600E5D416 /* Wisdom_Motivation_App.xcdatamodel */;
			path = Wisdom_Motivation_App.xcdatamodeld;
			sourceTree = "<group>";
			versionGroupType = wrapper.xcdatamodel;
		};
/* End XCVersionGroup section */
	};
	rootObject = A017B71B282B522400E5D416 /* Project object */;
}
